
Microsoft Visual Studio Solution File, Format Version 12.00
# Visual Studio Version 16
VisualStudioVersion = 16.0.31613.86
MinimumVisualStudioVersion = 10.0.40219.1
Project("{FAE04EC0-301F-11D3-BF4B-00C04F79EFBC}") = "areacirculo", "areacirculo\areacirculo.csproj", "{1FB2EFE6-5E3A-4145-87E6-88065068824D}"
EndProject
Global
	GlobalSection(SolutionConfigurationPlatforms) = preSolution
		Debug|Any CPU = Debug|Any CPU
		Release|Any CPU = Release|Any CPU
	EndGlobalSection
	GlobalSection(ProjectConfigurationPlatforms) = postSolution
		{1FB2EFE6-5E3A-4145-87E6-88065068824D}.Debug|Any CPU.ActiveCfg = Debug|Any CPU
		{1FB2EFE6-5E3A-4145-87E6-88065068824D}.Debug|Any CPU.Build.0 = Debug|Any CPU
		{1FB2EFE6-5E3A-4145-87E6-88065068824D}.Release|Any CPU.ActiveCfg = Release|Any CPU
		{1FB2EFE6-5E3A-4145-87E6-88065068824D}.Release|Any CPU.Build.0 = Release|Any CPU
	EndGlobalSection
	GlobalSection(SolutionProperties) = preSolution
		HideSolutionNode = FALSE
	EndGlobalSection
	GlobalSection(ExtensibilityGlobals) = postSolution
		SolutionGuid = {1A8271E7-6323-435E-9277-02D19FE92D33}
	EndGlobalSection
EndGlobal
